
Microsoft Visual Studio Solution File, Format Version 12.00
# Visual Studio Version 17
VisualStudioVersion = 17.11.35208.52
MinimumVisualStudioVersion = 10.0.40219.1
Project("{FAE04EC0-301F-11D3-BF4B-00C04F79EFBC}") = "MorangoWeb3", "MorangoWeb3\MorangoWeb3.csproj", "{1AB322EC-7F1A-4811-A20C-8D97EE8BFD57}"
EndProject
Global
	GlobalSection(SolutionConfigurationPlatforms) = preSolution
		Debug|Any CPU = Debug|Any CPU
		Release|Any CPU = Release|Any CPU
	EndGlobalSection
	GlobalSection(ProjectConfigurationPlatforms) = postSolution
		{1AB322EC-7F1A-4811-A20C-8D97EE8BFD57}.Debug|Any CPU.ActiveCfg = Debug|Any CPU
		{1AB322EC-7F1A-4811-A20C-8D97EE8BFD57}.Debug|Any CPU.Build.0 = Debug|Any CPU
		{1AB322EC-7F1A-4811-A20C-8D97EE8BFD57}.Release|Any CPU.ActiveCfg = Release|Any CPU
		{1AB322EC-7F1A-4811-A20C-8D97EE8BFD57}.Release|Any CPU.Build.0 = Release|Any CPU
	EndGlobalSection
	GlobalSection(SolutionProperties) = preSolution
		HideSolutionNode = FALSE
	EndGlobalSection
	GlobalSection(ExtensibilityGlobals) = postSolution
		SolutionGuid = {B6DEA8C2-A251-4708-A7C5-71F12452DA0E}
	EndGlobalSection
EndGlobal
